
Microsoft Visual Studio Solution File, Format Version 12.00
# Visual Studio Version 16
VisualStudioVersion = 16.0.29709.97
MinimumVisualStudioVersion = 10.0.40219.1
Project("{FAE04EC0-301F-11D3-BF4B-00C04F79EFBC}") = "MusicBot", "MusicBot\MusicBot.csproj", "{A40205FA-017A-4B90-BA59-6F64222A38E8}"
EndProject
Global
	GlobalSection(SolutionConfigurationPlatforms) = preSolution
		Debug|Any CPU = Debug|Any CPU
		Release|Any CPU = Release|Any CPU
	EndGlobalSection
	GlobalSection(ProjectConfigurationPlatforms) = postSolution
		{A40205FA-017A-4B90-BA59-6F64222A38E8}.Debug|Any CPU.ActiveCfg = Debug|Any CPU
		{A40205FA-017A-4B90-BA59-6F64222A38E8}.Debug|Any CPU.Build.0 = Debug|Any CPU
		{A40205FA-017A-4B90-BA59-6F64222A38E8}.Release|Any CPU.ActiveCfg = Release|Any CPU
		{A40205FA-017A-4B90-BA59-6F64222A38E8}.Release|Any CPU.Build.0 = Release|Any CPU
	EndGlobalSection
	GlobalSection(SolutionProperties) = preSolution
		HideSolutionNode = FALSE
	EndGlobalSection
	GlobalSection(ExtensibilityGlobals) = postSolution
		SolutionGuid = {DB9AD1AD-0063-4C39-92BC-68AB182C07EF}
	EndGlobalSection
EndGlobal
